
Microsoft Visual Studio Solution File, Format Version 12.00
# Visual Studio Version 17
VisualStudioVersion = 17.11.35327.3
MinimumVisualStudioVersion = 10.0.40219.1
Project("{FAE04EC0-301F-11D3-BF4B-00C04F79EFBC}") = "pruebas_strings", "pruebas_strings.csproj", "{A1620A83-A9FE-4CC1-8244-F280FC572240}"
EndProject
Global
	GlobalSection(SolutionConfigurationPlatforms) = preSolution
		Debug|Any CPU = Debug|Any CPU
		Release|Any CPU = Release|Any CPU
	EndGlobalSection
	GlobalSection(ProjectConfigurationPlatforms) = postSolution
		{A1620A83-A9FE-4CC1-8244-F280FC572240}.Debug|Any CPU.ActiveCfg = Debug|Any CPU
		{A1620A83-A9FE-4CC1-8244-F280FC572240}.Debug|Any CPU.Build.0 = Debug|Any CPU
		{A1620A83-A9FE-4CC1-8244-F280FC572240}.Release|Any CPU.ActiveCfg = Release|Any CPU
		{A1620A83-A9FE-4CC1-8244-F280FC572240}.Release|Any CPU.Build.0 = Release|Any CPU
	EndGlobalSection
	GlobalSection(SolutionProperties) = preSolution
		HideSolutionNode = FALSE
	EndGlobalSection
	GlobalSection(ExtensibilityGlobals) = postSolution
		SolutionGuid = {9B80C1D1-523C-4A06-8940-81F6D2FC3A70}
	EndGlobalSection
EndGlobal
