
Microsoft Visual Studio Solution File, Format Version 12.00
# Visual Studio Version 17
VisualStudioVersion = 17.11.35312.102
MinimumVisualStudioVersion = 10.0.40219.1
Project("{FAE04EC0-301F-11D3-BF4B-00C04F79EFBC}") = "Proyecto prueba 3", "Proyecto prueba 3.csproj", "{E2C29E95-FA26-4576-99B5-0DE29B92DA6A}"
EndProject
Global
	GlobalSection(SolutionConfigurationPlatforms) = preSolution
		Debug|Any CPU = Debug|Any CPU
		Release|Any CPU = Release|Any CPU
	EndGlobalSection
	GlobalSection(ProjectConfigurationPlatforms) = postSolution
		{E2C29E95-FA26-4576-99B5-0DE29B92DA6A}.Debug|Any CPU.ActiveCfg = Debug|Any CPU
		{E2C29E95-FA26-4576-99B5-0DE29B92DA6A}.Debug|Any CPU.Build.0 = Debug|Any CPU
		{E2C29E95-FA26-4576-99B5-0DE29B92DA6A}.Release|Any CPU.ActiveCfg = Release|Any CPU
		{E2C29E95-FA26-4576-99B5-0DE29B92DA6A}.Release|Any CPU.Build.0 = Release|Any CPU
	EndGlobalSection
	GlobalSection(SolutionProperties) = preSolution
		HideSolutionNode = FALSE
	EndGlobalSection
	GlobalSection(ExtensibilityGlobals) = postSolution
		SolutionGuid = {A5DA423E-6D3B-4556-8A2F-D69CA25D40E4}
	EndGlobalSection
EndGlobal
