
Microsoft Visual Studio Solution File, Format Version 12.00
# Visual Studio Version 17
VisualStudioVersion = 17.11.35327.3
MinimumVisualStudioVersion = 10.0.40219.1
Project("{FAE04EC0-301F-11D3-BF4B-00C04F79EFBC}") = "matriz_random_2_x_3", "matriz_random_2_x_3.csproj", "{AF142777-3425-4C51-881B-CFBEA598D2E8}"
EndProject
Global
	GlobalSection(SolutionConfigurationPlatforms) = preSolution
		Debug|Any CPU = Debug|Any CPU
		Release|Any CPU = Release|Any CPU
	EndGlobalSection
	GlobalSection(ProjectConfigurationPlatforms) = postSolution
		{AF142777-3425-4C51-881B-CFBEA598D2E8}.Debug|Any CPU.ActiveCfg = Debug|Any CPU
		{AF142777-3425-4C51-881B-CFBEA598D2E8}.Debug|Any CPU.Build.0 = Debug|Any CPU
		{AF142777-3425-4C51-881B-CFBEA598D2E8}.Release|Any CPU.ActiveCfg = Release|Any CPU
		{AF142777-3425-4C51-881B-CFBEA598D2E8}.Release|Any CPU.Build.0 = Release|Any CPU
	EndGlobalSection
	GlobalSection(SolutionProperties) = preSolution
		HideSolutionNode = FALSE
	EndGlobalSection
	GlobalSection(ExtensibilityGlobals) = postSolution
		SolutionGuid = {6883178E-984C-4A15-A582-3C4C6F72CB7A}
	EndGlobalSection
EndGlobal
