
Microsoft Visual Studio Solution File, Format Version 12.00
# Visual Studio Version 17
VisualStudioVersion = 17.11.35312.102
MinimumVisualStudioVersion = 10.0.40219.1
Project("{FAE04EC0-301F-11D3-BF4B-00C04F79EFBC}") = "Proyecto prueba 2", "Proyecto prueba 2.csproj", "{9A673B50-7339-4627-A990-A4722A502C20}"
EndProject
Global
	GlobalSection(SolutionConfigurationPlatforms) = preSolution
		Debug|Any CPU = Debug|Any CPU
		Release|Any CPU = Release|Any CPU
	EndGlobalSection
	GlobalSection(ProjectConfigurationPlatforms) = postSolution
		{9A673B50-7339-4627-A990-A4722A502C20}.Debug|Any CPU.ActiveCfg = Debug|Any CPU
		{9A673B50-7339-4627-A990-A4722A502C20}.Debug|Any CPU.Build.0 = Debug|Any CPU
		{9A673B50-7339-4627-A990-A4722A502C20}.Release|Any CPU.ActiveCfg = Release|Any CPU
		{9A673B50-7339-4627-A990-A4722A502C20}.Release|Any CPU.Build.0 = Release|Any CPU
	EndGlobalSection
	GlobalSection(SolutionProperties) = preSolution
		HideSolutionNode = FALSE
	EndGlobalSection
	GlobalSection(ExtensibilityGlobals) = postSolution
		SolutionGuid = {ECE823D2-B471-4063-8866-52101277D741}
	EndGlobalSection
EndGlobal
